// !$*UTF8*$!
{
	archiveVersion = 1;
	classes = {
	};
	objectVersion = 46;
	objects = {

/* Begin PBXBuildFile section */
		A7EEDDF51B2834CA006CCE90 /* main.m in Sources */ = {isa = PBXBuildFile; fileRef = A7EEDDF41B2834CA006CCE90 /* main.m */; };
		A7EEDDF81B2834CA006CCE90 /* AppDelegate.m in Sources */ = {isa = PBXBuildFile; fileRef = A7EEDDF71B2834CA006CCE90 /* AppDelegate.m */; };
		A7EEDDFB1B2834CA006CCE90 /* ViewController.m in Sources */ = {isa = PBXBuildFile; fileRef = A7EEDDFA1B2834CA006CCE90 /* ViewController.m */; };
		A7EEDDFE1B2834CA006CCE90 /* Main.storyboard in Resources */ = {isa = PBXBuildFile; fileRef = A7EEDDFC1B2834CA006CCE90 /* Main.storyboard */; };
		A7EEDE001B2834CA006CCE90 /* Images.xcassets in Resources */ = {isa = PBXBuildFile; fileRef = A7EEDDFF1B2834CA006CCE90 /* Images.xcassets */; };
		A7EEDE031B2834CA006CCE90 /* LaunchScreen.xib in Resources */ = {isa = PBXBuildFile; fileRef = A7EEDE011B2834CA006CCE90 /* LaunchScreen.xib */; };
		A7EEDE0F1B2834CB006CCE90 /* Day_16hw0610twotofourTests.m in Sources */ = {isa = PBXBuildFile; fileRef = A7EEDE0E1B2834CB006CCE90 /* Day_16hw0610twotofourTests.m */; };
/* End PBXBuildFile section */

/* Begin PBXContainerItemProxy section */
		A7EEDE091B2834CB006CCE90 /* PBXContainerItemProxy */ = {
			isa = PBXContainerItemProxy;
			containerPortal = A7EEDDE71B2834CA006CCE90 /* Project object */;
			proxyType = 1;
			remoteGlobalIDString = A7EEDDEE1B2834CA006CCE90;
			remoteInfo = "Day#16hw0610twotofour";
		};
/* End PBXContainerItemProxy section */

/* Begin PBXFileReference section */
		A7EEDDEF1B2834CA006CCE90 /* Day#16hw0610twotofour.app */ = {isa = PBXFileReference; explicitFileType = wrapper.application; includeInIndex = 0; path = "Day#16hw0610twotofour.app"; sourceTree = BUILT_PRODUCTS_DIR; };
		A7EEDDF31B2834CA006CCE90 /* Info.plist */ = {isa = PBXFileReference; lastKnownFileType = text.plist.xml; path = Info.plist; sourceTree = "<group>"; };
		A7EEDDF41B2834CA006CCE90 /* main.m */ = {isa = PBXFileReference; lastKnownFileType = sourcecode.c.objc; path = main.m; sourceTree = "<group>"; };
		A7EEDDF61B2834CA006CCE90 /* AppDelegate.h */ = {isa = PBXFileReference; lastKnownFileType = sourcecode.c.h; path = AppDelegate.h; sourceTree = "<group>"; };
		A7EEDDF71B2834CA006CCE90 /* AppDelegate.m */ = {isa = PBXFileReference; lastKnownFileType = sourcecode.c.objc; path = AppDelegate.m; sourceTree = "<group>"; };
		A7EEDDF91B2834CA006CCE90 /* ViewController.h */ = {isa = PBXFileReference; lastKnownFileType = sourcecode.c.h; path = ViewController.h; sourceTree = "<group>"; };
		A7EEDDFA1B2834CA006CCE90 /* ViewController.m */ = {isa = PBXFileReference; lastKnownFileType = sourcecode.c.objc; path = ViewController.m; sourceTree = "<group>"; };
		A7EEDDFD1B2834CA006CCE90 /* Base */ = {isa = PBXFileReference; lastKnownFileType = file.storyboard; name = Base; path = Base.lproj/Main.storyboard; sourceTree = "<group>"; };
		A7EEDDFF1B2834CA006CCE90 /* Images.xcassets */ = {isa = PBXFileReference; lastKnownFileType = folder.assetcatalog; path = Images.xcassets; sourceTree = "<group>"; };
		A7EEDE021B2834CA006CCE90 /* Base */ = {isa = PBXFileReference; lastKnownFileType = file.xib; name = Base; path = Base.lproj/LaunchScreen.xib; sourceTree = "<group>"; };
		A7EEDE081B2834CB006CCE90 /* Day#16hw0610twotofourTests.xctest */ = {isa = PBXFileReference; explicitFileType = wrapper.cfbundle; includeInIndex = 0; path = "Day#16hw0610twotofourTests.xctest"; sourceTree = BUILT_PRODUCTS_DIR; };
		A7EEDE0D1B2834CB006CCE90 /* Info.plist */ = {isa = PBXFileReference; lastKnownFileType = text.plist.xml; path = Info.plist; sourceTree = "<group>"; };
		A7EEDE0E1B2834CB006CCE90 /* Day_16hw0610twotofourTests.m */ = {isa = PBXFileReference; lastKnownFileType = sourcecode.c.objc; path = Day_16hw0610twotofourTests.m; sourceTree = "<group>"; };
/* End PBXFileReference section */

/* Begin PBXFrameworksBuildPhase section */
		A7EEDDEC1B2834CA006CCE90 /* Frameworks */ = {
			isa = PBXFrameworksBuildPhase;
			buildActionMask = 2147483647;
			files = (
			);
			runOnlyForDeploymentPostprocessing = 0;
		};
		A7EEDE051B2834CB006CCE90 /* Frameworks */ = {
			isa = PBXFrameworksBuildPhase;
			buildActionMask = 2147483647;
			files = (
			);
			runOnlyForDeploymentPostprocessing = 0;
		};
/* End PBXFrameworksBuildPhase section */

/* Begin PBXGroup section */
		A7EEDDE61B2834CA006CCE90 = {
			isa = PBXGroup;
			children = (
				A7EEDDF11B2834CA006CCE90 /* Day#16hw0610twotofour */,
				A7EEDE0B1B2834CB006CCE90 /* Day#16hw0610twotofourTests */,
				A7EEDDF01B2834CA006CCE90 /* Products */,
			);
			sourceTree = "<group>";
		};
		A7EEDDF01B2834CA006CCE90 /* Products */ = {
			isa = PBXGroup;
			children = (
				A7EEDDEF1B2834CA006CCE90 /* Day#16hw0610twotofour.app */,
				A7EEDE081B2834CB006CCE90 /* Day#16hw0610twotofourTests.xctest */,
			);
			name = Products;
			sourceTree = "<group>";
		};
		A7EEDDF11B2834CA006CCE90 /* Day#16hw0610twotofour */ = {
			isa = PBXGroup;
			children = (
				A7EEDDF61B2834CA006CCE90 /* AppDelegate.h */,
				A7EEDDF71B2834CA006CCE90 /* AppDelegate.m */,
				A7EEDDF91B2834CA006CCE90 /* ViewController.h */,
				A7EEDDFA1B2834CA006CCE90 /* ViewController.m */,
				A7EEDDFC1B2834CA006CCE90 /* Main.storyboard */,
				A7EEDDFF1B2834CA006CCE90 /* Images.xcassets */,
				A7EEDE011B2834CA006CCE90 /* LaunchScreen.xib */,
				A7EEDDF21B2834CA006CCE90 /* Supporting Files */,
			);
			path = "Day#16hw0610twotofour";
			sourceTree = "<group>";
		};
		A7EEDDF21B2834CA006CCE90 /* Supporting Files */ = {
			isa = PBXGroup;
			children = (
				A7EEDDF31B2834CA006CCE90 /* Info.plist */,
				A7EEDDF41B2834CA006CCE90 /* main.m */,
			);
			name = "Supporting Files";
			sourceTree = "<group>";
		};
		A7EEDE0B1B2834CB006CCE90 /* Day#16hw0610twotofourTests */ = {
			isa = PBXGroup;
			children = (
				A7EEDE0E1B2834CB006CCE90 /* Day_16hw0610twotofourTests.m */,
				A7EEDE0C1B2834CB006CCE90 /* Supporting Files */,
			);
			path = "Day#16hw0610twotofourTests";
			sourceTree = "<group>";
		};
		A7EEDE0C1B2834CB006CCE90 /* Supporting Files */ = {
			isa = PBXGroup;
			children = (
				A7EEDE0D1B2834CB006CCE90 /* Info.plist */,
			);
			name = "Supporting Files";
			sourceTree = "<group>";
		};
/* End PBXGroup section */

/* Begin PBXNativeTarget section */
		A7EEDDEE1B2834CA006CCE90 /* Day#16hw0610twotofour */ = {
			isa = PBXNativeTarget;
			buildConfigurationList = A7EEDE121B2834CB006CCE90 /* Build configuration list for PBXNativeTarget "Day#16hw0610twotofour" */;
			buildPhases = (
				A7EEDDEB1B2834CA006CCE90 /* Sources */,
				A7EEDDEC1B2834CA006CCE90 /* Frameworks */,
				A7EEDDED1B2834CA006CCE90 /* Resources */,
			);
			buildRules = (
			);
			dependencies = (
			);
			name = "Day#16hw0610twotofour";
			productName = "Day#16hw0610twotofour";
			productReference = A7EEDDEF1B2834CA006CCE90 /* Day#16hw0610twotofour.app */;
			productType = "com.apple.product-type.application";
		};
		A7EEDE071B2834CB006CCE90 /* Day#16hw0610twotofourTests */ = {
			isa = PBXNativeTarget;
			buildConfigurationList = A7EEDE151B2834CB006CCE90 /* Build configuration list for PBXNativeTarget "Day#16hw0610twotofourTests" */;
			buildPhases = (
				A7EEDE041B2834CB006CCE90 /* Sources */,
				A7EEDE051B2834CB006CCE90 /* Frameworks */,
				A7EEDE061B2834CB006CCE90 /* Resources */,
			);
			buildRules = (
			);
			dependencies = (
				A7EEDE0A1B2834CB006CCE90 /* PBXTargetDependency */,
			);
			name = "Day#16hw0610twotofourTests";
			productName = "Day#16hw0610twotofourTests";
			productReference = A7EEDE081B2834CB006CCE90 /* Day#16hw0610twotofourTests.xctest */;
			productType = "com.apple.product-type.bundle.unit-test";
		};
/* End PBXNativeTarget section */

/* Begin PBXProject section */
		A7EEDDE71B2834CA006CCE90 /* Project object */ = {
			isa = PBXProject;
			attributes = {
				LastUpgradeCheck = 0630;
				ORGANIZATIONNAME = lalaleelala;
				TargetAttributes = {
					A7EEDDEE1B2834CA006CCE90 = {
						CreatedOnToolsVersion = 6.3.2;
					};
					A7EEDE071B2834CB006CCE90 = {
						CreatedOnToolsVersion = 6.3.2;
						TestTargetID = A7EEDDEE1B2834CA006CCE90;
					};
				};
			};
			buildConfigurationList = A7EEDDEA1B2834CA006CCE90 /* Build configuration list for PBXProject "Day#16hw0610twotofour" */;
			compatibilityVersion = "Xcode 3.2";
			developmentRegion = English;
			hasScannedForEncodings = 0;
			knownRegions = (
				en,
				Base,
			);
			mainGroup = A7EEDDE61B2834CA006CCE90;
			productRefGroup = A7EEDDF01B2834CA006CCE90 /* Products */;
			projectDirPath = "";
			projectRoot = "";
			targets = (
				A7EEDDEE1B2834CA006CCE90 /* Day#16hw0610twotofour */,
				A7EEDE071B2834CB006CCE90 /* Day#16hw0610twotofourTests */,
			);
		};
/* End PBXProject section */

/* Begin PBXResourcesBuildPhase section */
		A7EEDDED1B2834CA006CCE90 /* Resources */ = {
			isa = PBXResourcesBuildPhase;
			buildActionMask = 2147483647;
			files = (
				A7EEDDFE1B2834CA006CCE90 /* Main.storyboard in Resources */,
				A7EEDE031B2834CA006CCE90 /* LaunchScreen.xib in Resources */,
				A7EEDE001B2834CA006CCE90 /* Images.xcassets in Resources */,
			);
			runOnlyForDeploymentPostprocessing = 0;
		};
		A7EEDE061B2834CB006CCE90 /* Resources */ = {
			isa = PBXResourcesBuildPhase;
			buildActionMask = 2147483647;
			files = (
			);
			runOnlyForDeploymentPostprocessing = 0;
		};
/* End PBXResourcesBuildPhase section */

/* Begin PBXSourcesBuildPhase section */
		A7EEDDEB1B2834CA006CCE90 /* Sources */ = {
			isa = PBXSourcesBuildPhase;
			buildActionMask = 2147483647;
			files = (
				A7EEDDFB1B2834CA006CCE90 /* ViewController.m in Sources */,
				A7EEDDF81B2834CA006CCE90 /* AppDelegate.m in Sources */,
				A7EEDDF51B2834CA006CCE90 /* main.m in Sources */,
			);
			runOnlyForDeploymentPostprocessing = 0;
		};
		A7EEDE041B2834CB006CCE90 /* Sources */ = {
			isa = PBXSourcesBuildPhase;
			buildActionMask = 2147483647;
			files = (
				A7EEDE0F1B2834CB006CCE90 /* Day_16hw0610twotofourTests.m in Sources */,
			);
			runOnlyForDeploymentPostprocessing = 0;
		};
/* End PBXSourcesBuildPhase section */

/* Begin PBXTargetDependency section */
		A7EEDE0A1B2834CB006CCE90 /* PBXTargetDependency */ = {
			isa = PBXTargetDependency;
			target = A7EEDDEE1B2834CA006CCE90 /* Day#16hw0610twotofour */;
			targetProxy = A7EEDE091B2834CB006CCE90 /* PBXContainerItemProxy */;
		};
/* End PBXTargetDependency section */

/* Begin PBXVariantGroup section */
		A7EEDDFC1B2834CA006CCE90 /* Main.storyboard */ = {
			isa = PBXVariantGroup;
			children = (
				A7EEDDFD1B2834CA006CCE90 /* Base */,
			);
			name = Main.storyboard;
			sourceTree = "<group>";
		};
		A7EEDE011B2834CA006CCE90 /* LaunchScreen.xib */ = {
			isa = PBXVariantGroup;
			children = (
				A7EEDE021B2834CA006CCE90 /* Base */,
			);
			name = LaunchScreen.xib;
			sourceTree = "<group>";
		};
/* End PBXVariantGroup section */

/* Begin XCBuildConfiguration section */
		A7EEDE101B2834CB006CCE90 /* Debug */ = {
			isa = XCBuildConfiguration;
			buildSettings = {
				ALWAYS_SEARCH_USER_PATHS = NO;
				CLANG_CXX_LANGUAGE_STANDARD = "gnu++0x";
				CLANG_CXX_LIBRARY = "libc++";
				CLANG_ENABLE_MODULES = YES;
				CLANG_ENABLE_OBJC_ARC = YES;
				CLANG_WARN_BOOL_CONVERSION = YES;
				CLANG_WARN_CONSTANT_CONVERSION = YES;
				CLANG_WARN_DIRECT_OBJC_ISA_USAGE = YES_ERROR;
				CLANG_WARN_EMPTY_BODY = YES;
				CLANG_WARN_ENUM_CONVERSION = YES;
				CLANG_WARN_INT_CONVERSION = YES;
				CLANG_WARN_OBJC_ROOT_CLASS = YES_ERROR;
				CLANG_WARN_UNREACHABLE_CODE = YES;
				CLANG_WARN__DUPLICATE_METHOD_MATCH = YES;
				"CODE_SIGN_IDENTITY[sdk=iphoneos*]" = "iPhone Developer";
				COPY_PHASE_STRIP = NO;
				DEBUG_INFORMATION_FORMAT = "dwarf-with-dsym";
				ENABLE_STRICT_OBJC_MSGSEND = YES;
				GCC_C_LANGUAGE_STANDARD = gnu99;
				GCC_DYNAMIC_NO_PIC = NO;
				GCC_NO_COMMON_BLOCKS = YES;
				GCC_OPTIMIZATION_LEVEL = 0;
				GCC_PREPROCESSOR_DEFINITIONS = (
					"DEBUG=1",
					"$(inherited)",
				);
				GCC_SYMBOLS_PRIVATE_EXTERN = NO;
				GCC_WARN_64_TO_32_BIT_CONVERSION = YES;
				GCC_WARN_ABOUT_RETURN_TYPE = YES_ERROR;
				GCC_WARN_UNDECLARED_SELECTOR = YES;
				GCC_WARN_UNINITIALIZED_AUTOS = YES_AGGRESSIVE;
				GCC_WARN_UNUSED_FUNCTION = YES;
				GCC_WARN_UNUSED_VARIABLE = YES;
				IPHONEOS_DEPLOYMENT_TARGET = 8.3;
				MTL_ENABLE_DEBUG_INFO = YES;
				ONLY_ACTIVE_ARCH = YES;
				SDKROOT = iphoneos;
				TARGETED_DEVICE_FAMILY = "1,2";
			};
			name = Debug;
		};
		A7EEDE111B2834CB006CCE90 /* Release */ = {
			isa = XCBuildConfiguration;
			buildSettings = {
				ALWAYS_SEARCH_USER_PATHS = NO;
				CLANG_CXX_LANGUAGE_STANDARD = "gnu++0x";
				CLANG_CXX_LIBRARY = "libc++";
				CLANG_ENABLE_MODULES = YES;
				CLANG_ENABLE_OBJC_ARC = YES;
				CLANG_WARN_BOOL_CONVERSION = YES;
				CLANG_WARN_CONSTANT_CONVERSION = YES;
				CLANG_WARN_DIRECT_OBJC_ISA_USAGE = YES_ERROR;
				CLANG_WARN_EMPTY_BODY = YES;
				CLANG_WARN_ENUM_CONVERSION = YES;
				CLANG_WARN_INT_CONVERSION = YES;
				CLANG_WARN_OBJC_ROOT_CLASS = YES_ERROR;
				CLANG_WARN_UNREACHABLE_CODE = YES;
				CLANG_WARN__DUPLICATE_METHOD_MATCH = YES;
				"CODE_SIGN_IDENTITY[sdk=iphoneos*]" = "iPhone Developer";
				COPY_PHASE_STRIP = NO;
				DEBUG_INFORMATION_FORMAT = "dwarf-with-dsym";
				ENABLE_NS_ASSERTIONS = NO;
				ENABLE_STRICT_OBJC_MSGSEND = YES;
				GCC_C_LANGUAGE_STANDARD = gnu99;
				GCC_NO_COMMON_BLOCKS = YES;
				GCC_WARN_64_TO_32_BIT_CONVERSION = YES;
				GCC_WARN_ABOUT_RETURN_TYPE = YES_ERROR;
				GCC_WARN_UNDECLARED_SELECTOR = YES;
				GCC_WARN_UNINITIALIZED_AUTOS = YES_AGGRESSIVE;
				GCC_WARN_UNUSED_FUNCTION = YES;
				GCC_WARN_UNUSED_VARIABLE = YES;
				IPHONEOS_DEPLOYMENT_TARGET = 8.3;
				MTL_ENABLE_DEBUG_INFO = NO;
				SDKROOT = iphoneos;
				TARGETED_DEVICE_FAMILY = "1,2";
				VALIDATE_PRODUCT = YES;
			};
			name = Release;
		};
		A7EEDE131B2834CB006CCE90 /* Debug */ = {
			isa = XCBuildConfiguration;
			buildSettings = {
				ASSETCATALOG_COMPILER_APPICON_NAME = AppIcon;
				INFOPLIST_FILE = "Day#16hw0610twotofour/Info.plist";
				LD_RUNPATH_SEARCH_PATHS = "$(inherited) @executable_path/Frameworks";
				PRODUCT_NAME = "$(TARGET_NAME)";
			};
			name = Debug;
		};
		A7EEDE141B2834CB006CCE90 /* Release */ = {
			isa = XCBuildConfiguration;
			buildSettings = {
				ASSETCATALOG_COMPILER_APPICON_NAME = AppIcon;
				INFOPLIST_FILE = "Day#16hw0610twotofour/Info.plist";
				LD_RUNPATH_SEARCH_PATHS = "$(inherited) @executable_path/Frameworks";
				PRODUCT_NAME = "$(TARGET_NAME)";
			};
			name = Release;
		};
		A7EEDE161B2834CB006CCE90 /* Debug */ = {
			isa = XCBuildConfiguration;
			buildSettings = {
				BUNDLE_LOADER = "$(TEST_HOST)";
				FRAMEWORK_SEARCH_PATHS = (
					"$(SDKROOT)/Developer/Library/Frameworks",
					"$(inherited)",
				);
				GCC_PREPROCESSOR_DEFINITIONS = (
					"DEBUG=1",
					"$(inherited)",
				);
				INFOPLIST_FILE = "Day#16hw0610twotofourTests/Info.plist";
				LD_RUNPATH_SEARCH_PATHS = "$(inherited) @executable_path/Frameworks @loader_path/Frameworks";
				PRODUCT_NAME = "$(TARGET_NAME)";
				TEST_HOST = "$(BUILT_PRODUCTS_DIR)/Day#16hw0610twotofour.app/Day#16hw0610twotofour";
			};
			name = Debug;
		};
		A7EEDE171B2834CB006CCE90 /* Release */ = {
			isa = XCBuildConfiguration;
			buildSettings = {
				BUNDLE_LOADER = "$(TEST_HOST)";
				FRAMEWORK_SEARCH_PATHS = (
					"$(SDKROOT)/Developer/Library/Frameworks",
					"$(inherited)",
				);
				INFOPLIST_FILE = "Day#16hw0610twotofourTests/Info.plist";
				LD_RUNPATH_SEARCH_PATHS = "$(inherited) @executable_path/Frameworks @loader_path/Frameworks";
				PRODUCT_NAME = "$(TARGET_NAME)";
				TEST_HOST = "$(BUILT_PRODUCTS_DIR)/Day#16hw0610twotofour.app/Day#16hw0610twotofour";
			};
			name = Release;
		};
/* End XCBuildConfiguration section */

/* Begin XCConfigurationList section */
		A7EEDDEA1B2834CA006CCE90 /* Build configuration list for PBXProject "Day#16hw0610twotofour" */ = {
			isa = XCConfigurationList;
			buildConfigurations = (
				A7EEDE101B2834CB006CCE90 /* Debug */,
				A7EEDE111B2834CB006CCE90 /* Release */,
			);
			defaultConfigurationIsVisible = 0;
			defaultConfigurationName = Release;
		};
		A7EEDE121B2834CB006CCE90 /* Build configuration list for PBXNativeTarget "Day#16hw0610twotofour" */ = {
			isa = XCConfigurationList;
			buildConfigurations = (
				A7EEDE131B2834CB006CCE90 /* Debug */,
				A7EEDE141B2834CB006CCE90 /* Release */,
			);
			defaultConfigurationIsVisible = 0;
		};
		A7EEDE151B2834CB006CCE90 /* Build configuration list for PBXNativeTarget "Day#16hw0610twotofourTests" */ = {
			isa = XCConfigurationList;
			buildConfigurations = (
				A7EEDE161B2834CB006CCE90 /* Debug */,
				A7EEDE171B2834CB006CCE90 /* Release */,
			);
			defaultConfigurationIsVisible = 0;
		};
/* End XCConfigurationList section */
	};
	rootObject = A7EEDDE71B2834CA006CCE90 /* Project object */;
}
